// !$*UTF8*$!
{
	archiveVersion = 1;
	classes = {
	};
	objectVersion = 46;
	objects = {

/* Begin PBXBuildFile section */
		84C2664D1B78AC8D009D325D /* main.m in Sources */ = {isa = PBXBuildFile; fileRef = 84C2664C1B78AC8D009D325D /* main.m */; };
		84C266501B78AC8D009D325D /* AppDelegate.m in Sources */ = {isa = PBXBuildFile; fileRef = 84C2664F1B78AC8D009D325D /* AppDelegate.m */; };
		84C266561B78AC8D009D325D /* Main.storyboard in Resources */ = {isa = PBXBuildFile; fileRef = 84C266541B78AC8D009D325D /* Main.storyboard */; };
		84C266581B78AC8D009D325D /* Images.xcassets in Resources */ = {isa = PBXBuildFile; fileRef = 84C266571B78AC8D009D325D /* Images.xcassets */; };
		84C266641B78AC8E009D325D /* NumbersTests.m in Sources */ = {isa = PBXBuildFile; fileRef = 84C266631B78AC8D009D325D /* NumbersTests.m */; };
		84C2666F1B78ACC6009D325D /* MKMainViewController.m in Sources */ = {isa = PBXBuildFile; fileRef = 84C2666E1B78ACC6009D325D /* MKMainViewController.m */; };
		84C266871B78FB73009D325D /* MKNumber.m in Sources */ = {isa = PBXBuildFile; fileRef = 84C266861B78FB73009D325D /* MKNumber.m */; };
		84C2668B1B792481009D325D /* MKNumberCell.m in Sources */ = {isa = PBXBuildFile; fileRef = 84C2668A1B792481009D325D /* MKNumberCell.m */; };
		84D7779B1BB83714001E02B7 /* 9.png in Resources */ = {isa = PBXBuildFile; fileRef = 84D777911BB83714001E02B7 /* 9.png */; };
		84D7779C1BB83714001E02B7 /* 8.png in Resources */ = {isa = PBXBuildFile; fileRef = 84D777921BB83714001E02B7 /* 8.png */; };
		84D7779D1BB83714001E02B7 /* 7.png in Resources */ = {isa = PBXBuildFile; fileRef = 84D777931BB83714001E02B7 /* 7.png */; };
		84D7779E1BB83714001E02B7 /* 6.png in Resources */ = {isa = PBXBuildFile; fileRef = 84D777941BB83714001E02B7 /* 6.png */; };
		84D7779F1BB83714001E02B7 /* 5.png in Resources */ = {isa = PBXBuildFile; fileRef = 84D777951BB83714001E02B7 /* 5.png */; };
		84D777A01BB83714001E02B7 /* 4.png in Resources */ = {isa = PBXBuildFile; fileRef = 84D777961BB83714001E02B7 /* 4.png */; };
		84D777A11BB83714001E02B7 /* 3.png in Resources */ = {isa = PBXBuildFile; fileRef = 84D777971BB83714001E02B7 /* 3.png */; };
		84D777A21BB83714001E02B7 /* 2.png in Resources */ = {isa = PBXBuildFile; fileRef = 84D777981BB83714001E02B7 /* 2.png */; };
		84D777A31BB83714001E02B7 /* 1.png in Resources */ = {isa = PBXBuildFile; fileRef = 84D777991BB83714001E02B7 /* 1.png */; };
		84D777A41BB83714001E02B7 /* 10.png in Resources */ = {isa = PBXBuildFile; fileRef = 84D7779A1BB83714001E02B7 /* 10.png */; };
/* End PBXBuildFile section */

/* Begin PBXContainerItemProxy section */
		84C2665E1B78AC8D009D325D /* PBXContainerItemProxy */ = {
			isa = PBXContainerItemProxy;
			containerPortal = 84C2663F1B78AC8D009D325D /* Project object */;
			proxyType = 1;
			remoteGlobalIDString = 84C266461B78AC8D009D325D;
			remoteInfo = Numbers;
		};
/* End PBXContainerItemProxy section */

/* Begin PBXFileReference section */
		84C266471B78AC8D009D325D /* Numbers.app */ = {isa = PBXFileReference; explicitFileType = wrapper.application; includeInIndex = 0; path = Numbers.app; sourceTree = BUILT_PRODUCTS_DIR; };
		84C2664B1B78AC8D009D325D /* Info.plist */ = {isa = PBXFileReference; lastKnownFileType = text.plist.xml; path = Info.plist; sourceTree = "<group>"; };
		84C2664C1B78AC8D009D325D /* main.m */ = {isa = PBXFileReference; lastKnownFileType = sourcecode.c.objc; path = main.m; sourceTree = "<group>"; };
		84C2664E1B78AC8D009D325D /* AppDelegate.h */ = {isa = PBXFileReference; lastKnownFileType = sourcecode.c.h; path = AppDelegate.h; sourceTree = "<group>"; };
		84C2664F1B78AC8D009D325D /* AppDelegate.m */ = {isa = PBXFileReference; lastKnownFileType = sourcecode.c.objc; path = AppDelegate.m; sourceTree = "<group>"; };
		84C266551B78AC8D009D325D /* Base */ = {isa = PBXFileReference; lastKnownFileType = file.storyboard; name = Base; path = Base.lproj/Main.storyboard; sourceTree = "<group>"; };
		84C266571B78AC8D009D325D /* Images.xcassets */ = {isa = PBXFileReference; lastKnownFileType = folder.assetcatalog; path = Images.xcassets; sourceTree = "<group>"; };
		84C2665D1B78AC8D009D325D /* NumbersTests.xctest */ = {isa = PBXFileReference; explicitFileType = wrapper.cfbundle; includeInIndex = 0; path = NumbersTests.xctest; sourceTree = BUILT_PRODUCTS_DIR; };
		84C266621B78AC8D009D325D /* Info.plist */ = {isa = PBXFileReference; lastKnownFileType = text.plist.xml; path = Info.plist; sourceTree = "<group>"; };
		84C266631B78AC8D009D325D /* NumbersTests.m */ = {isa = PBXFileReference; lastKnownFileType = sourcecode.c.objc; path = NumbersTests.m; sourceTree = "<group>"; };
		84C2666D1B78ACC6009D325D /* MKMainViewController.h */ = {isa = PBXFileReference; fileEncoding = 4; lastKnownFileType = sourcecode.c.h; path = MKMainViewController.h; sourceTree = "<group>"; };
		84C2666E1B78ACC6009D325D /* MKMainViewController.m */ = {isa = PBXFileReference; fileEncoding = 4; lastKnownFileType = sourcecode.c.objc; path = MKMainViewController.m; sourceTree = "<group>"; };
		84C266851B78FB73009D325D /* MKNumber.h */ = {isa = PBXFileReference; fileEncoding = 4; lastKnownFileType = sourcecode.c.h; path = MKNumber.h; sourceTree = "<group>"; };
		84C266861B78FB73009D325D /* MKNumber.m */ = {isa = PBXFileReference; fileEncoding = 4; lastKnownFileType = sourcecode.c.objc; path = MKNumber.m; sourceTree = "<group>"; };
		84C266891B792481009D325D /* MKNumberCell.h */ = {isa = PBXFileReference; fileEncoding = 4; lastKnownFileType = sourcecode.c.h; path = MKNumberCell.h; sourceTree = "<group>"; };
		84C2668A1B792481009D325D /* MKNumberCell.m */ = {isa = PBXFileReference; fileEncoding = 4; lastKnownFileType = sourcecode.c.objc; path = MKNumberCell.m; sourceTree = "<group>"; };
		84D777911BB83714001E02B7 /* 9.png */ = {isa = PBXFileReference; lastKnownFileType = image.png; path = 9.png; sourceTree = "<group>"; };
		84D777921BB83714001E02B7 /* 8.png */ = {isa = PBXFileReference; lastKnownFileType = image.png; path = 8.png; sourceTree = "<group>"; };
		84D777931BB83714001E02B7 /* 7.png */ = {isa = PBXFileReference; lastKnownFileType = image.png; path = 7.png; sourceTree = "<group>"; };
		84D777941BB83714001E02B7 /* 6.png */ = {isa = PBXFileReference; lastKnownFileType = image.png; path = 6.png; sourceTree = "<group>"; };
		84D777951BB83714001E02B7 /* 5.png */ = {isa = PBXFileReference; lastKnownFileType = image.png; path = 5.png; sourceTree = "<group>"; };
		84D777961BB83714001E02B7 /* 4.png */ = {isa = PBXFileReference; lastKnownFileType = image.png; path = 4.png; sourceTree = "<group>"; };
		84D777971BB83714001E02B7 /* 3.png */ = {isa = PBXFileReference; lastKnownFileType = image.png; path = 3.png; sourceTree = "<group>"; };
		84D777981BB83714001E02B7 /* 2.png */ = {isa = PBXFileReference; lastKnownFileType = image.png; path = 2.png; sourceTree = "<group>"; };
		84D777991BB83714001E02B7 /* 1.png */ = {isa = PBXFileReference; lastKnownFileType = image.png; path = 1.png; sourceTree = "<group>"; };
		84D7779A1BB83714001E02B7 /* 10.png */ = {isa = PBXFileReference; lastKnownFileType = image.png; path = 10.png; sourceTree = "<group>"; };
/* End PBXFileReference section */

/* Begin PBXFrameworksBuildPhase section */
		84C266441B78AC8D009D325D /* Frameworks */ = {
			isa = PBXFrameworksBuildPhase;
			buildActionMask = 2147483647;
			files = (
			);
			runOnlyForDeploymentPostprocessing = 0;
		};
		84C2665A1B78AC8D009D325D /* Frameworks */ = {
			isa = PBXFrameworksBuildPhase;
			buildActionMask = 2147483647;
			files = (
			);
			runOnlyForDeploymentPostprocessing = 0;
		};
/* End PBXFrameworksBuildPhase section */

/* Begin PBXGroup section */
		84C2663E1B78AC8D009D325D = {
			isa = PBXGroup;
			children = (
				84C266491B78AC8D009D325D /* Numbers */,
				84C266601B78AC8D009D325D /* NumbersTests */,
				84C266481B78AC8D009D325D /* Products */,
			);
			sourceTree = "<group>";
		};
		84C266481B78AC8D009D325D /* Products */ = {
			isa = PBXGroup;
			children = (
				84C266471B78AC8D009D325D /* Numbers.app */,
				84C2665D1B78AC8D009D325D /* NumbersTests.xctest */,
			);
			name = Products;
			sourceTree = "<group>";
		};
		84C266491B78AC8D009D325D /* Numbers */ = {
			isa = PBXGroup;
			children = (
				84C2664E1B78AC8D009D325D /* AppDelegate.h */,
				84C2664F1B78AC8D009D325D /* AppDelegate.m */,
				84C2666D1B78ACC6009D325D /* MKMainViewController.h */,
				84C2666E1B78ACC6009D325D /* MKMainViewController.m */,
				84C266541B78AC8D009D325D /* Main.storyboard */,
				84C266571B78AC8D009D325D /* Images.xcassets */,
				84C2668C1B792497009D325D /* NumberCell */,
				84C266881B78FB7D009D325D /* Model */,
				84C2664A1B78AC8D009D325D /* Supporting Files */,
			);
			path = Numbers;
			sourceTree = "<group>";
		};
		84C2664A1B78AC8D009D325D /* Supporting Files */ = {
			isa = PBXGroup;
			children = (
				84C266701B78ADF6009D325D /* Images */,
				84C2664B1B78AC8D009D325D /* Info.plist */,
				84C2664C1B78AC8D009D325D /* main.m */,
			);
			name = "Supporting Files";
			sourceTree = "<group>";
		};
		84C266601B78AC8D009D325D /* NumbersTests */ = {
			isa = PBXGroup;
			children = (
				84C266631B78AC8D009D325D /* NumbersTests.m */,
				84C266611B78AC8D009D325D /* Supporting Files */,
			);
			path = NumbersTests;
			sourceTree = "<group>";
		};
		84C266611B78AC8D009D325D /* Supporting Files */ = {
			isa = PBXGroup;
			children = (
				84C266621B78AC8D009D325D /* Info.plist */,
			);
			name = "Supporting Files";
			sourceTree = "<group>";
		};
		84C266701B78ADF6009D325D /* Images */ = {
			isa = PBXGroup;
			children = (
				84D7779A1BB83714001E02B7 /* 10.png */,
				84D777911BB83714001E02B7 /* 9.png */,
				84D777921BB83714001E02B7 /* 8.png */,
				84D777931BB83714001E02B7 /* 7.png */,
				84D777941BB83714001E02B7 /* 6.png */,
				84D777951BB83714001E02B7 /* 5.png */,
				84D777961BB83714001E02B7 /* 4.png */,
				84D777971BB83714001E02B7 /* 3.png */,
				84D777981BB83714001E02B7 /* 2.png */,
				84D777991BB83714001E02B7 /* 1.png */,
			);
			name = Images;
			sourceTree = "<group>";
		};
		84C266881B78FB7D009D325D /* Model */ = {
			isa = PBXGroup;
			children = (
				84C266851B78FB73009D325D /* MKNumber.h */,
				84C266861B78FB73009D325D /* MKNumber.m */,
			);
			name = Model;
			sourceTree = "<group>";
		};
		84C2668C1B792497009D325D /* NumberCell */ = {
			isa = PBXGroup;
			children = (
				84C266891B792481009D325D /* MKNumberCell.h */,
				84C2668A1B792481009D325D /* MKNumberCell.m */,
			);
			name = NumberCell;
			sourceTree = "<group>";
		};
/* End PBXGroup section */

/* Begin PBXNativeTarget section */
		84C266461B78AC8D009D325D /* Numbers */ = {
			isa = PBXNativeTarget;
			buildConfigurationList = 84C266671B78AC8E009D325D /* Build configuration list for PBXNativeTarget "Numbers" */;
			buildPhases = (
				84C266431B78AC8D009D325D /* Sources */,
				84C266441B78AC8D009D325D /* Frameworks */,
				84C266451B78AC8D009D325D /* Resources */,
			);
			buildRules = (
			);
			dependencies = (
			);
			name = Numbers;
			productName = Numbers;
			productReference = 84C266471B78AC8D009D325D /* Numbers.app */;
			productType = "com.apple.product-type.application";
		};
		84C2665C1B78AC8D009D325D /* NumbersTests */ = {
			isa = PBXNativeTarget;
			buildConfigurationList = 84C2666A1B78AC8E009D325D /* Build configuration list for PBXNativeTarget "NumbersTests" */;
			buildPhases = (
				84C266591B78AC8D009D325D /* Sources */,
				84C2665A1B78AC8D009D325D /* Frameworks */,
				84C2665B1B78AC8D009D325D /* Resources */,
			);
			buildRules = (
			);
			dependencies = (
				84C2665F1B78AC8D009D325D /* PBXTargetDependency */,
			);
			name = NumbersTests;
			productName = NumbersTests;
			productReference = 84C2665D1B78AC8D009D325D /* NumbersTests.xctest */;
			productType = "com.apple.product-type.bundle.unit-test";
		};
/* End PBXNativeTarget section */

/* Begin PBXProject section */
		84C2663F1B78AC8D009D325D /* Project object */ = {
			isa = PBXProject;
			attributes = {
				LastUpgradeCheck = 0600;
				ORGANIZATIONNAME = "Mykola Korotun";
				TargetAttributes = {
					84C266461B78AC8D009D325D = {
						CreatedOnToolsVersion = 6.0;
					};
					84C2665C1B78AC8D009D325D = {
						CreatedOnToolsVersion = 6.0;
						TestTargetID = 84C266461B78AC8D009D325D;
					};
				};
			};
			buildConfigurationList = 84C266421B78AC8D009D325D /* Build configuration list for PBXProject "Numbers" */;
			compatibilityVersion = "Xcode 3.2";
			developmentRegion = English;
			hasScannedForEncodings = 0;
			knownRegions = (
				en,
				Base,
			);
			mainGroup = 84C2663E1B78AC8D009D325D;
			productRefGroup = 84C266481B78AC8D009D325D /* Products */;
			projectDirPath = "";
			projectRoot = "";
			targets = (
				84C266461B78AC8D009D325D /* Numbers */,
				84C2665C1B78AC8D009D325D /* NumbersTests */,
			);
		};
/* End PBXProject section */

/* Begin PBXResourcesBuildPhase section */
		84C266451B78AC8D009D325D /* Resources */ = {
			isa = PBXResourcesBuildPhase;
			buildActionMask = 2147483647;
			files = (
				84D777A31BB83714001E02B7 /* 1.png in Resources */,
				84D7779E1BB83714001E02B7 /* 6.png in Resources */,
				84D777A41BB83714001E02B7 /* 10.png in Resources */,
				84D7779C1BB83714001E02B7 /* 8.png in Resources */,
				84D777A21BB83714001E02B7 /* 2.png in Resources */,
				84D7779B1BB83714001E02B7 /* 9.png in Resources */,
				84D777A11BB83714001E02B7 /* 3.png in Resources */,
				84D7779D1BB83714001E02B7 /* 7.png in Resources */,
				84D777A01BB83714001E02B7 /* 4.png in Resources */,
				84D7779F1BB83714001E02B7 /* 5.png in Resources */,
				84C266561B78AC8D009D325D /* Main.storyboard in Resources */,
				84C266581B78AC8D009D325D /* Images.xcassets in Resources */,
			);
			runOnlyForDeploymentPostprocessing = 0;
		};
		84C2665B1B78AC8D009D325D /* Resources */ = {
			isa = PBXResourcesBuildPhase;
			buildActionMask = 2147483647;
			files = (
			);
			runOnlyForDeploymentPostprocessing = 0;
		};
/* End PBXResourcesBuildPhase section */

/* Begin PBXSourcesBuildPhase section */
		84C266431B78AC8D009D325D /* Sources */ = {
			isa = PBXSourcesBuildPhase;
			buildActionMask = 2147483647;
			files = (
				84C2668B1B792481009D325D /* MKNumberCell.m in Sources */,
				84C266501B78AC8D009D325D /* AppDelegate.m in Sources */,
				84C2666F1B78ACC6009D325D /* MKMainViewController.m in Sources */,
				84C266871B78FB73009D325D /* MKNumber.m in Sources */,
				84C2664D1B78AC8D009D325D /* main.m in Sources */,
			);
			runOnlyForDeploymentPostprocessing = 0;
		};
		84C266591B78AC8D009D325D /* Sources */ = {
			isa = PBXSourcesBuildPhase;
			buildActionMask = 2147483647;
			files = (
				84C266641B78AC8E009D325D /* NumbersTests.m in Sources */,
			);
			runOnlyForDeploymentPostprocessing = 0;
		};
/* End PBXSourcesBuildPhase section */

/* Begin PBXTargetDependency section */
		84C2665F1B78AC8D009D325D /* PBXTargetDependency */ = {
			isa = PBXTargetDependency;
			target = 84C266461B78AC8D009D325D /* Numbers */;
			targetProxy = 84C2665E1B78AC8D009D325D /* PBXContainerItemProxy */;
		};
/* End PBXTargetDependency section */

/* Begin PBXVariantGroup section */
		84C266541B78AC8D009D325D /* Main.storyboard */ = {
			isa = PBXVariantGroup;
			children = (
				84C266551B78AC8D009D325D /* Base */,
			);
			name = Main.storyboard;
			sourceTree = "<group>";
		};
/* End PBXVariantGroup section */

/* Begin XCBuildConfiguration section */
		84C266651B78AC8E009D325D /* Debug */ = {
			isa = XCBuildConfiguration;
			buildSettings = {
				ALWAYS_SEARCH_USER_PATHS = NO;
				CLANG_CXX_LANGUAGE_STANDARD = "gnu++0x";
				CLANG_CXX_LIBRARY = "libc++";
				CLANG_ENABLE_MODULES = YES;
				CLANG_ENABLE_OBJC_ARC = YES;
				CLANG_WARN_BOOL_CONVERSION = YES;
				CLANG_WARN_CONSTANT_CONVERSION = YES;
				CLANG_WARN_DIRECT_OBJC_ISA_USAGE = YES_ERROR;
				CLANG_WARN_EMPTY_BODY = YES;
				CLANG_WARN_ENUM_CONVERSION = YES;
				CLANG_WARN_INT_CONVERSION = YES;
				CLANG_WARN_OBJC_ROOT_CLASS = YES_ERROR;
				CLANG_WARN_UNREACHABLE_CODE = YES;
				CLANG_WARN__DUPLICATE_METHOD_MATCH = YES;
				"CODE_SIGN_IDENTITY[sdk=iphoneos*]" = "iPhone Developer";
				COPY_PHASE_STRIP = NO;
				ENABLE_STRICT_OBJC_MSGSEND = YES;
				GCC_C_LANGUAGE_STANDARD = gnu99;
				GCC_DYNAMIC_NO_PIC = NO;
				GCC_OPTIMIZATION_LEVEL = 0;
				GCC_PREPROCESSOR_DEFINITIONS = (
					"DEBUG=1",
					"$(inherited)",
				);
				GCC_SYMBOLS_PRIVATE_EXTERN = NO;
				GCC_WARN_64_TO_32_BIT_CONVERSION = YES;
				GCC_WARN_ABOUT_RETURN_TYPE = YES_ERROR;
				GCC_WARN_UNDECLARED_SELECTOR = YES;
				GCC_WARN_UNINITIALIZED_AUTOS = YES_AGGRESSIVE;
				GCC_WARN_UNUSED_FUNCTION = YES;
				GCC_WARN_UNUSED_VARIABLE = YES;
				IPHONEOS_DEPLOYMENT_TARGET = 8.0;
				MTL_ENABLE_DEBUG_INFO = YES;
				ONLY_ACTIVE_ARCH = YES;
				SDKROOT = iphoneos;
			};
			name = Debug;
		};
		84C266661B78AC8E009D325D /* Release */ = {
			isa = XCBuildConfiguration;
			buildSettings = {
				ALWAYS_SEARCH_USER_PATHS = NO;
				CLANG_CXX_LANGUAGE_STANDARD = "gnu++0x";
				CLANG_CXX_LIBRARY = "libc++";
				CLANG_ENABLE_MODULES = YES;
				CLANG_ENABLE_OBJC_ARC = YES;
				CLANG_WARN_BOOL_CONVERSION = YES;
				CLANG_WARN_CONSTANT_CONVERSION = YES;
				CLANG_WARN_DIRECT_OBJC_ISA_USAGE = YES_ERROR;
				CLANG_WARN_EMPTY_BODY = YES;
				CLANG_WARN_ENUM_CONVERSION = YES;
				CLANG_WARN_INT_CONVERSION = YES;
				CLANG_WARN_OBJC_ROOT_CLASS = YES_ERROR;
				CLANG_WARN_UNREACHABLE_CODE = YES;
				CLANG_WARN__DUPLICATE_METHOD_MATCH = YES;
				"CODE_SIGN_IDENTITY[sdk=iphoneos*]" = "iPhone Developer";
				COPY_PHASE_STRIP = YES;
				ENABLE_NS_ASSERTIONS = NO;
				ENABLE_STRICT_OBJC_MSGSEND = YES;
				GCC_C_LANGUAGE_STANDARD = gnu99;
				GCC_WARN_64_TO_32_BIT_CONVERSION = YES;
				GCC_WARN_ABOUT_RETURN_TYPE = YES_ERROR;
				GCC_WARN_UNDECLARED_SELECTOR = YES;
				GCC_WARN_UNINITIALIZED_AUTOS = YES_AGGRESSIVE;
				GCC_WARN_UNUSED_FUNCTION = YES;
				GCC_WARN_UNUSED_VARIABLE = YES;
				IPHONEOS_DEPLOYMENT_TARGET = 8.0;
				MTL_ENABLE_DEBUG_INFO = NO;
				SDKROOT = iphoneos;
				VALIDATE_PRODUCT = YES;
			};
			name = Release;
		};
		84C266681B78AC8E009D325D /* Debug */ = {
			isa = XCBuildConfiguration;
			buildSettings = {
				ASSETCATALOG_COMPILER_APPICON_NAME = AppIcon;
				ASSETCATALOG_COMPILER_LAUNCHIMAGE_NAME = LaunchImage;
				INFOPLIST_FILE = Numbers/Info.plist;
				LD_RUNPATH_SEARCH_PATHS = "$(inherited) @executable_path/Frameworks";
				PRODUCT_NAME = "$(TARGET_NAME)";
			};
			name = Debug;
		};
		84C266691B78AC8E009D325D /* Release */ = {
			isa = XCBuildConfiguration;
			buildSettings = {
				ASSETCATALOG_COMPILER_APPICON_NAME = AppIcon;
				ASSETCATALOG_COMPILER_LAUNCHIMAGE_NAME = LaunchImage;
				INFOPLIST_FILE = Numbers/Info.plist;
				LD_RUNPATH_SEARCH_PATHS = "$(inherited) @executable_path/Frameworks";
				PRODUCT_NAME = "$(TARGET_NAME)";
			};
			name = Release;
		};
		84C2666B1B78AC8E009D325D /* Debug */ = {
			isa = XCBuildConfiguration;
			buildSettings = {
				BUNDLE_LOADER = "$(TEST_HOST)";
				FRAMEWORK_SEARCH_PATHS = (
					"$(SDKROOT)/Developer/Library/Frameworks",
					"$(inherited)",
				);
				GCC_PREPROCESSOR_DEFINITIONS = (
					"DEBUG=1",
					"$(inherited)",
				);
				INFOPLIST_FILE = NumbersTests/Info.plist;
				LD_RUNPATH_SEARCH_PATHS = "$(inherited) @executable_path/Frameworks @loader_path/Frameworks";
				PRODUCT_NAME = "$(TARGET_NAME)";
				TEST_HOST = "$(BUILT_PRODUCTS_DIR)/Numbers.app/Numbers";
			};
			name = Debug;
		};
		84C2666C1B78AC8E009D325D /* Release */ = {
			isa = XCBuildConfiguration;
			buildSettings = {
				BUNDLE_LOADER = "$(TEST_HOST)";
				FRAMEWORK_SEARCH_PATHS = (
					"$(SDKROOT)/Developer/Library/Frameworks",
					"$(inherited)",
				);
				INFOPLIST_FILE = NumbersTests/Info.plist;
				LD_RUNPATH_SEARCH_PATHS = "$(inherited) @executable_path/Frameworks @loader_path/Frameworks";
				PRODUCT_NAME = "$(TARGET_NAME)";
				TEST_HOST = "$(BUILT_PRODUCTS_DIR)/Numbers.app/Numbers";
			};
			name = Release;
		};
/* End XCBuildConfiguration section */

/* Begin XCConfigurationList section */
		84C266421B78AC8D009D325D /* Build configuration list for PBXProject "Numbers" */ = {
			isa = XCConfigurationList;
			buildConfigurations = (
				84C266651B78AC8E009D325D /* Debug */,
				84C266661B78AC8E009D325D /* Release */,
			);
			defaultConfigurationIsVisible = 0;
			defaultConfigurationName = Release;
		};
		84C266671B78AC8E009D325D /* Build configuration list for PBXNativeTarget "Numbers" */ = {
			isa = XCConfigurationList;
			buildConfigurations = (
				84C266681B78AC8E009D325D /* Debug */,
				84C266691B78AC8E009D325D /* Release */,
			);
			defaultConfigurationIsVisible = 0;
			defaultConfigurationName = Release;
		};
		84C2666A1B78AC8E009D325D /* Build configuration list for PBXNativeTarget "NumbersTests" */ = {
			isa = XCConfigurationList;
			buildConfigurations = (
				84C2666B1B78AC8E009D325D /* Debug */,
				84C2666C1B78AC8E009D325D /* Release */,
			);
			defaultConfigurationIsVisible = 0;
			defaultConfigurationName = Release;
		};
/* End XCConfigurationList section */
	};
	rootObject = 84C2663F1B78AC8D009D325D /* Project object */;
}
